
Microsoft Visual Studio Solution File, Format Version 12.00
# Visual Studio Version 16
VisualStudioVersion = 16.0.29920.165
MinimumVisualStudioVersion = 10.0.40219.1
Project("{FAE04EC0-301F-11D3-BF4B-00C04F79EFBC}") = "CW3", "CW3\CW3.csproj", "{350DCFA0-9056-4B71-8BDE-29368637F122}"
EndProject
Global
	GlobalSection(SolutionConfigurationPlatforms) = preSolution
		Debug|Any CPU = Debug|Any CPU
		Release|Any CPU = Release|Any CPU
	EndGlobalSection
	GlobalSection(ProjectConfigurationPlatforms) = postSolution
		{350DCFA0-9056-4B71-8BDE-29368637F122}.Debug|Any CPU.ActiveCfg = Debug|Any CPU
		{350DCFA0-9056-4B71-8BDE-29368637F122}.Debug|Any CPU.Build.0 = Debug|Any CPU
		{350DCFA0-9056-4B71-8BDE-29368637F122}.Release|Any CPU.ActiveCfg = Release|Any CPU
		{350DCFA0-9056-4B71-8BDE-29368637F122}.Release|Any CPU.Build.0 = Release|Any CPU
	EndGlobalSection
	GlobalSection(SolutionProperties) = preSolution
		HideSolutionNode = FALSE
	EndGlobalSection
	GlobalSection(ExtensibilityGlobals) = postSolution
		SolutionGuid = {663E222E-28E6-46C7-AB7D-F4125FBA0E10}
	EndGlobalSection
EndGlobal
